<?xml version="1.0" encoding="utf-8"?>
<Project ToolsVersion="4.0" xmlns="http://schemas.microsoft.com/developer/msbuild/2003">
  <ItemGroup>
    <None Include="config.nsh">
      <Filter>Header Files</Filter>
    </None>
    <None Include="functions.nsh">
      <Filter>Header Files</Filter>
    </None>
  </ItemGroup>
  <ItemGroup>
    <Filter Include="Header Files">
      <UniqueIdentifier>{591e7189-8c87-443a-9458-8fe3fd3b7090}</UniqueIdentifier>
    </Filter>
    <Filter Include="Source Files">
      <UniqueIdentifier>{a262ddf3-b573-45f0-b437-4982386a9607}</UniqueIdentifier>
    </Filter>
  </ItemGroup>
  <ItemGroup>
    <CustomBuild Include="installer.nsi">
      <Filter>Source Files</Filter>
    </CustomBuild>
  </ItemGroup>
</Project>